
Microsoft Visual Studio Solution File, Format Version 12.00
# Visual Studio 15
VisualStudioVersion = 15.0.28307.136
MinimumVisualStudioVersion = 10.0.40219.1
Project("{FAE04EC0-301F-11D3-BF4B-00C04F79EFBC}") = "FibbonaciNumbers", "FibbonaciNumbers.csproj", "{93792DA9-7BAA-459B-B6D3-EBA2AC2460AA}"
EndProject
Global
	GlobalSection(SolutionConfigurationPlatforms) = preSolution
		Debug|Any CPU = Debug|Any CPU
		Release|Any CPU = Release|Any CPU
	EndGlobalSection
	GlobalSection(ProjectConfigurationPlatforms) = postSolution
		{93792DA9-7BAA-459B-B6D3-EBA2AC2460AA}.Debug|Any CPU.ActiveCfg = Debug|Any CPU
		{93792DA9-7BAA-459B-B6D3-EBA2AC2460AA}.Debug|Any CPU.Build.0 = Debug|Any CPU
		{93792DA9-7BAA-459B-B6D3-EBA2AC2460AA}.Release|Any CPU.ActiveCfg = Release|Any CPU
		{93792DA9-7BAA-459B-B6D3-EBA2AC2460AA}.Release|Any CPU.Build.0 = Release|Any CPU
	EndGlobalSection
	GlobalSection(SolutionProperties) = preSolution
		HideSolutionNode = FALSE
	EndGlobalSection
	GlobalSection(ExtensibilityGlobals) = postSolution
		SolutionGuid = {6D2F0702-879C-4559-923B-12F49D891723}
	EndGlobalSection
EndGlobal
